
Microsoft Visual Studio Solution File, Format Version 12.00
# Visual Studio Version 16
VisualStudioVersion = 16.0.29911.84
MinimumVisualStudioVersion = 10.0.40219.1
Project("{FAE04EC0-301F-11D3-BF4B-00C04F79EFBC}") = "H2-Hashtable_B", "H2-Hashtable_B.csproj", "{F8FAE49A-BC19-451C-9C32-70DA95E43A76}"
EndProject
Global
	GlobalSection(SolutionConfigurationPlatforms) = preSolution
		Debug|Any CPU = Debug|Any CPU
		Release|Any CPU = Release|Any CPU
	EndGlobalSection
	GlobalSection(ProjectConfigurationPlatforms) = postSolution
		{F8FAE49A-BC19-451C-9C32-70DA95E43A76}.Debug|Any CPU.ActiveCfg = Debug|Any CPU
		{F8FAE49A-BC19-451C-9C32-70DA95E43A76}.Debug|Any CPU.Build.0 = Debug|Any CPU
		{F8FAE49A-BC19-451C-9C32-70DA95E43A76}.Release|Any CPU.ActiveCfg = Release|Any CPU
		{F8FAE49A-BC19-451C-9C32-70DA95E43A76}.Release|Any CPU.Build.0 = Release|Any CPU
	EndGlobalSection
	GlobalSection(SolutionProperties) = preSolution
		HideSolutionNode = FALSE
	EndGlobalSection
	GlobalSection(ExtensibilityGlobals) = postSolution
		SolutionGuid = {EF9DF84F-A3F8-496A-A575-595CFCE5B2BD}
	EndGlobalSection
EndGlobal
