
Microsoft Visual Studio Solution File, Format Version 12.00
# Visual Studio Version 16
VisualStudioVersion = 16.0.29911.84
MinimumVisualStudioVersion = 10.0.40219.1
Project("{FAE04EC0-301F-11D3-BF4B-00C04F79EFBC}") = "H3-Foreach", "H3-Foreach.csproj", "{BE3AC1ED-39E5-40E6-B9C2-06F3B456EF8D}"
EndProject
Global
	GlobalSection(SolutionConfigurationPlatforms) = preSolution
		Debug|Any CPU = Debug|Any CPU
		Release|Any CPU = Release|Any CPU
	EndGlobalSection
	GlobalSection(ProjectConfigurationPlatforms) = postSolution
		{BE3AC1ED-39E5-40E6-B9C2-06F3B456EF8D}.Debug|Any CPU.ActiveCfg = Debug|Any CPU
		{BE3AC1ED-39E5-40E6-B9C2-06F3B456EF8D}.Debug|Any CPU.Build.0 = Debug|Any CPU
		{BE3AC1ED-39E5-40E6-B9C2-06F3B456EF8D}.Release|Any CPU.ActiveCfg = Release|Any CPU
		{BE3AC1ED-39E5-40E6-B9C2-06F3B456EF8D}.Release|Any CPU.Build.0 = Release|Any CPU
	EndGlobalSection
	GlobalSection(SolutionProperties) = preSolution
		HideSolutionNode = FALSE
	EndGlobalSection
	GlobalSection(ExtensibilityGlobals) = postSolution
		SolutionGuid = {759B16A6-E308-45B8-B9A5-87B66716E3B5}
	EndGlobalSection
EndGlobal
