
Microsoft Visual Studio Solution File, Format Version 12.00
# Visual Studio Version 16
VisualStudioVersion = 16.0.29920.165
MinimumVisualStudioVersion = 10.0.40219.1
Project("{FAE04EC0-301F-11D3-BF4B-00C04F79EFBC}") = "H4_construction_Advanced", "H4_construction_Advanced.csproj", "{9AFE0C6C-8F2C-46A6-9D4A-7BA9FF4A421B}"
EndProject
Global
	GlobalSection(SolutionConfigurationPlatforms) = preSolution
		Debug|Any CPU = Debug|Any CPU
		Release|Any CPU = Release|Any CPU
	EndGlobalSection
	GlobalSection(ProjectConfigurationPlatforms) = postSolution
		{9AFE0C6C-8F2C-46A6-9D4A-7BA9FF4A421B}.Debug|Any CPU.ActiveCfg = Debug|Any CPU
		{9AFE0C6C-8F2C-46A6-9D4A-7BA9FF4A421B}.Debug|Any CPU.Build.0 = Debug|Any CPU
		{9AFE0C6C-8F2C-46A6-9D4A-7BA9FF4A421B}.Release|Any CPU.ActiveCfg = Release|Any CPU
		{9AFE0C6C-8F2C-46A6-9D4A-7BA9FF4A421B}.Release|Any CPU.Build.0 = Release|Any CPU
	EndGlobalSection
	GlobalSection(SolutionProperties) = preSolution
		HideSolutionNode = FALSE
	EndGlobalSection
	GlobalSection(ExtensibilityGlobals) = postSolution
		SolutionGuid = {01A8A4ED-C747-4CD7-A316-91A1A9CCD646}
	EndGlobalSection
EndGlobal
